
Microsoft Visual Studio Solution File, Format Version 12.00
# Visual Studio Version 17
VisualStudioVersion = 17.6.33712.159
MinimumVisualStudioVersion = 10.0.40219.1
Project("{FAE04EC0-301F-11D3-BF4B-00C04F79EFBC}") = "StudentApi", "StudentApi\StudentApi.csproj", "{E21D6403-D655-4302-A96A-F7F083CF5569}"
EndProject
Global
	GlobalSection(SolutionConfigurationPlatforms) = preSolution
		Debug|Any CPU = Debug|Any CPU
		Release|Any CPU = Release|Any CPU
	EndGlobalSection
	GlobalSection(ProjectConfigurationPlatforms) = postSolution
		{E21D6403-D655-4302-A96A-F7F083CF5569}.Debug|Any CPU.ActiveCfg = Debug|Any CPU
		{E21D6403-D655-4302-A96A-F7F083CF5569}.Debug|Any CPU.Build.0 = Debug|Any CPU
		{E21D6403-D655-4302-A96A-F7F083CF5569}.Release|Any CPU.ActiveCfg = Release|Any CPU
		{E21D6403-D655-4302-A96A-F7F083CF5569}.Release|Any CPU.Build.0 = Release|Any CPU
	EndGlobalSection
	GlobalSection(SolutionProperties) = preSolution
		HideSolutionNode = FALSE
	EndGlobalSection
	GlobalSection(ExtensibilityGlobals) = postSolution
		SolutionGuid = {63090C62-F85C-4CD5-9CF4-2601F4C9CC20}
	EndGlobalSection
EndGlobal
